
Microsoft Visual Studio Solution File, Format Version 12.00
# Visual Studio 2012
Project("{D954291E-2A0B-460D-934E-DC6B0785DB48}") = "SISINFO", "SISINFO\SISINFO.shproj", "{EB0CA325-A7BD-432E-8D22-21974F7949BE}"
EndProject
Project("{FAE04EC0-301F-11D3-BF4B-00C04F79EFBC}") = "SISINFO.Droid", "Droid\SISINFO.Droid.csproj", "{2A29BFBD-DE06-47B2-8442-C64CFC736EB9}"
EndProject
Project("{FAE04EC0-301F-11D3-BF4B-00C04F79EFBC}") = "SISINFO.UITests", "UITests\SISINFO.UITests.csproj", "{0BF48BA0-7A97-4AFE-A320-9C355EF6ACD8}"
EndProject
Global
	GlobalSection(SolutionConfigurationPlatforms) = preSolution
		Debug|Any CPU = Debug|Any CPU
		Release|Any CPU = Release|Any CPU
	EndGlobalSection
	GlobalSection(ProjectConfigurationPlatforms) = postSolution
		{0BF48BA0-7A97-4AFE-A320-9C355EF6ACD8}.Debug|Any CPU.ActiveCfg = Debug|Any CPU
		{0BF48BA0-7A97-4AFE-A320-9C355EF6ACD8}.Debug|Any CPU.Build.0 = Debug|Any CPU
		{0BF48BA0-7A97-4AFE-A320-9C355EF6ACD8}.Release|Any CPU.ActiveCfg = Release|Any CPU
		{0BF48BA0-7A97-4AFE-A320-9C355EF6ACD8}.Release|Any CPU.Build.0 = Release|Any CPU
		{2A29BFBD-DE06-47B2-8442-C64CFC736EB9}.Debug|Any CPU.ActiveCfg = Debug|Any CPU
		{2A29BFBD-DE06-47B2-8442-C64CFC736EB9}.Debug|Any CPU.Build.0 = Debug|Any CPU
		{2A29BFBD-DE06-47B2-8442-C64CFC736EB9}.Release|Any CPU.ActiveCfg = Release|Any CPU
		{2A29BFBD-DE06-47B2-8442-C64CFC736EB9}.Release|Any CPU.Build.0 = Release|Any CPU
	EndGlobalSection
EndGlobal
